
Microsoft Visual Studio Solution File, Format Version 12.00
# Visual Studio Version 16
VisualStudioVersion = 16.0.29021.104
MinimumVisualStudioVersion = 10.0.40219.1
Project("{FAE04EC0-301F-11D3-BF4B-00C04F79EFBC}") = "TCMER", "TCMER.csproj", "{ED2DB2FC-7603-4596-94BB-D420CDF9584E}"
EndProject
Global
	GlobalSection(SolutionConfigurationPlatforms) = preSolution
		Debug|Any CPU = Debug|Any CPU
		Release|Any CPU = Release|Any CPU
	EndGlobalSection
	GlobalSection(ProjectConfigurationPlatforms) = postSolution
		{ED2DB2FC-7603-4596-94BB-D420CDF9584E}.Debug|Any CPU.ActiveCfg = Debug|Any CPU
		{ED2DB2FC-7603-4596-94BB-D420CDF9584E}.Debug|Any CPU.Build.0 = Debug|Any CPU
		{ED2DB2FC-7603-4596-94BB-D420CDF9584E}.Release|Any CPU.ActiveCfg = Release|Any CPU
		{ED2DB2FC-7603-4596-94BB-D420CDF9584E}.Release|Any CPU.Build.0 = Release|Any CPU
	EndGlobalSection
	GlobalSection(SolutionProperties) = preSolution
		HideSolutionNode = FALSE
	EndGlobalSection
	GlobalSection(ExtensibilityGlobals) = postSolution
		SolutionGuid = {707689E7-239A-4958-B66A-27113C8EE227}
	EndGlobalSection
EndGlobal
